// !$*UTF8*$!
{
	archiveVersion = 1;
	classes = {
	};
	objectVersion = 48;
	objects = {

/* Begin PBXBuildFile section */
		D8DB658B1FA46C5C00351903 /* AppDelegate.swift in Sources */ = {isa = PBXBuildFile; fileRef = D8DB658A1FA46C5C00351903 /* AppDelegate.swift */; };
		D8DB658D1FA46C5C00351903 /* ViewController.swift in Sources */ = {isa = PBXBuildFile; fileRef = D8DB658C1FA46C5C00351903 /* ViewController.swift */; };
		D8DB65901FA46C5C00351903 /* Main.storyboard in Resources */ = {isa = PBXBuildFile; fileRef = D8DB658E1FA46C5C00351903 /* Main.storyboard */; };
		D8DB65921FA46C5C00351903 /* Assets.xcassets in Resources */ = {isa = PBXBuildFile; fileRef = D8DB65911FA46C5C00351903 /* Assets.xcassets */; };
		D8DB65951FA46C5C00351903 /* LaunchScreen.storyboard in Resources */ = {isa = PBXBuildFile; fileRef = D8DB65931FA46C5C00351903 /* LaunchScreen.storyboard */; };
		D8DB65BC1FA46E3700351903 /* NSObjectExtension.swift in Sources */ = {isa = PBXBuildFile; fileRef = D8DB65BA1FA46E3700351903 /* NSObjectExtension.swift */; };
		D8DB65BD1FA46E3700351903 /* UIAlertControllerExtension.swift in Sources */ = {isa = PBXBuildFile; fileRef = D8DB65BB1FA46E3700351903 /* UIAlertControllerExtension.swift */; };
		D8DB65BF1FA46EC700351903 /* BiometricAuthentication.framework in Frameworks */ = {isa = PBXBuildFile; fileRef = D8DB65BE1FA46EC700351903 /* BiometricAuthentication.framework */; };
		D8DB65C01FA46EC700351903 /* BiometricAuthentication.framework in Embed Frameworks */ = {isa = PBXBuildFile; fileRef = D8DB65BE1FA46EC700351903 /* BiometricAuthentication.framework */; settings = {ATTRIBUTES = (CodeSignOnCopy, RemoveHeadersOnCopy, ); }; };
/* End PBXBuildFile section */

/* Begin PBXCopyFilesBuildPhase section */
		D8DB65C11FA46EC700351903 /* Embed Frameworks */ = {
			isa = PBXCopyFilesBuildPhase;
			buildActionMask = 2147483647;
			dstPath = "";
			dstSubfolderSpec = 10;
			files = (
				D8DB65C01FA46EC700351903 /* BiometricAuthentication.framework in Embed Frameworks */,
			);
			name = "Embed Frameworks";
			runOnlyForDeploymentPostprocessing = 0;
		};
/* End PBXCopyFilesBuildPhase section */

/* Begin PBXFileReference section */
		D8DB65871FA46C5C00351903 /* BiometricAuthenticationExample.app */ = {isa = PBXFileReference; explicitFileType = wrapper.application; includeInIndex = 0; path = BiometricAuthenticationExample.app; sourceTree = BUILT_PRODUCTS_DIR; };
		D8DB658A1FA46C5C00351903 /* AppDelegate.swift */ = {isa = PBXFileReference; lastKnownFileType = sourcecode.swift; path = AppDelegate.swift; sourceTree = "<group>"; };
		D8DB658C1FA46C5C00351903 /* ViewController.swift */ = {isa = PBXFileReference; lastKnownFileType = sourcecode.swift; path = ViewController.swift; sourceTree = "<group>"; };
		D8DB658F1FA46C5C00351903 /* Base */ = {isa = PBXFileReference; lastKnownFileType = file.storyboard; name = Base; path = Base.lproj/Main.storyboard; sourceTree = "<group>"; };
		D8DB65911FA46C5C00351903 /* Assets.xcassets */ = {isa = PBXFileReference; lastKnownFileType = folder.assetcatalog; path = Assets.xcassets; sourceTree = "<group>"; };
		D8DB65941FA46C5C00351903 /* Base */ = {isa = PBXFileReference; lastKnownFileType = file.storyboard; name = Base; path = Base.lproj/LaunchScreen.storyboard; sourceTree = "<group>"; };
		D8DB65961FA46C5C00351903 /* Info.plist */ = {isa = PBXFileReference; lastKnownFileType = text.plist.xml; path = Info.plist; sourceTree = "<group>"; };
		D8DB65BA1FA46E3700351903 /* NSObjectExtension.swift */ = {isa = PBXFileReference; fileEncoding = 4; lastKnownFileType = sourcecode.swift; path = NSObjectExtension.swift; sourceTree = "<group>"; };
		D8DB65BB1FA46E3700351903 /* UIAlertControllerExtension.swift */ = {isa = PBXFileReference; fileEncoding = 4; lastKnownFileType = sourcecode.swift; path = UIAlertControllerExtension.swift; sourceTree = "<group>"; };
		D8DB65BE1FA46EC700351903 /* BiometricAuthentication.framework */ = {isa = PBXFileReference; explicitFileType = wrapper.framework; path = BiometricAuthentication.framework; sourceTree = BUILT_PRODUCTS_DIR; };
/* End PBXFileReference section */

/* Begin PBXFrameworksBuildPhase section */
		D8DB65841FA46C5C00351903 /* Frameworks */ = {
			isa = PBXFrameworksBuildPhase;
			buildActionMask = 2147483647;
			files = (
				D8DB65BF1FA46EC700351903 /* BiometricAuthentication.framework in Frameworks */,
			);
			runOnlyForDeploymentPostprocessing = 0;
		};
/* End PBXFrameworksBuildPhase section */

/* Begin PBXGroup section */
		D8DB657E1FA46C5C00351903 = {
			isa = PBXGroup;
			children = (
				D8DB65BE1FA46EC700351903 /* BiometricAuthentication.framework */,
				D8DB65891FA46C5C00351903 /* BiometricAuthenticationExample */,
				D8DB65881FA46C5C00351903 /* Products */,
			);
			sourceTree = "<group>";
		};
		D8DB65881FA46C5C00351903 /* Products */ = {
			isa = PBXGroup;
			children = (
				D8DB65871FA46C5C00351903 /* BiometricAuthenticationExample.app */,
			);
			name = Products;
			sourceTree = "<group>";
		};
		D8DB65891FA46C5C00351903 /* BiometricAuthenticationExample */ = {
			isa = PBXGroup;
			children = (
				D8DB65B91FA46E3700351903 /* Utilities */,
				D8DB658A1FA46C5C00351903 /* AppDelegate.swift */,
				D8DB658C1FA46C5C00351903 /* ViewController.swift */,
				D8DB658E1FA46C5C00351903 /* Main.storyboard */,
				D8DB65911FA46C5C00351903 /* Assets.xcassets */,
				D8DB65931FA46C5C00351903 /* LaunchScreen.storyboard */,
				D8DB65961FA46C5C00351903 /* Info.plist */,
			);
			path = BiometricAuthenticationExample;
			sourceTree = "<group>";
		};
		D8DB65B91FA46E3700351903 /* Utilities */ = {
			isa = PBXGroup;
			children = (
				D8DB65BA1FA46E3700351903 /* NSObjectExtension.swift */,
				D8DB65BB1FA46E3700351903 /* UIAlertControllerExtension.swift */,
			);
			path = Utilities;
			sourceTree = "<group>";
		};
/* End PBXGroup section */

/* Begin PBXNativeTarget section */
		D8DB65861FA46C5C00351903 /* BiometricAuthenticationExample */ = {
			isa = PBXNativeTarget;
			buildConfigurationList = D8DB65991FA46C5C00351903 /* Build configuration list for PBXNativeTarget "BiometricAuthenticationExample" */;
			buildPhases = (
				D8DB65831FA46C5C00351903 /* Sources */,
				D8DB65841FA46C5C00351903 /* Frameworks */,
				D8DB65851FA46C5C00351903 /* Resources */,
				D8DB65C11FA46EC700351903 /* Embed Frameworks */,
			);
			buildRules = (
			);
			dependencies = (
			);
			name = BiometricAuthenticationExample;
			productName = BiometricAuthenticationExample;
			productReference = D8DB65871FA46C5C00351903 /* BiometricAuthenticationExample.app */;
			productType = "com.apple.product-type.application";
		};
/* End PBXNativeTarget section */

/* Begin PBXProject section */
		D8DB657F1FA46C5C00351903 /* Project object */ = {
			isa = PBXProject;
			attributes = {
				LastSwiftUpdateCheck = 0900;
				LastUpgradeCheck = 0940;
				ORGANIZATIONNAME = "Rushi Sangani";
				TargetAttributes = {
					D8DB65861FA46C5C00351903 = {
						CreatedOnToolsVersion = 9.0;
						LastSwiftMigration = 1000;
						ProvisioningStyle = Automatic;
					};
				};
			};
			buildConfigurationList = D8DB65821FA46C5C00351903 /* Build configuration list for PBXProject "BiometricAuthenticationExample" */;
			compatibilityVersion = "Xcode 8.0";
			developmentRegion = en;
			hasScannedForEncodings = 0;
			knownRegions = (
				en,
				Base,
			);
			mainGroup = D8DB657E1FA46C5C00351903;
			productRefGroup = D8DB65881FA46C5C00351903 /* Products */;
			projectDirPath = "";
			projectRoot = "";
			targets = (
				D8DB65861FA46C5C00351903 /* BiometricAuthenticationExample */,
			);
		};
/* End PBXProject section */

/* Begin PBXResourcesBuildPhase section */
		D8DB65851FA46C5C00351903 /* Resources */ = {
			isa = PBXResourcesBuildPhase;
			buildActionMask = 2147483647;
			files = (
				D8DB65951FA46C5C00351903 /* LaunchScreen.storyboard in Resources */,
				D8DB65921FA46C5C00351903 /* Assets.xcassets in Resources */,
				D8DB65901FA46C5C00351903 /* Main.storyboard in Resources */,
			);
			runOnlyForDeploymentPostprocessing = 0;
		};
/* End PBXResourcesBuildPhase section */

/* Begin PBXSourcesBuildPhase section */
		D8DB65831FA46C5C00351903 /* Sources */ = {
			isa = PBXSourcesBuildPhase;
			buildActionMask = 2147483647;
			files = (
				D8DB65BD1FA46E3700351903 /* UIAlertControllerExtension.swift in Sources */,
				D8DB658D1FA46C5C00351903 /* ViewController.swift in Sources */,
				D8DB65BC1FA46E3700351903 /* NSObjectExtension.swift in Sources */,
				D8DB658B1FA46C5C00351903 /* AppDelegate.swift in Sources */,
			);
			runOnlyForDeploymentPostprocessing = 0;
		};
/* End PBXSourcesBuildPhase section */

/* Begin PBXVariantGroup section */
		D8DB658E1FA46C5C00351903 /* Main.storyboard */ = {
			isa = PBXVariantGroup;
			children = (
				D8DB658F1FA46C5C00351903 /* Base */,
			);
			name = Main.storyboard;
			sourceTree = "<group>";
		};
		D8DB65931FA46C5C00351903 /* LaunchScreen.storyboard */ = {
			isa = PBXVariantGroup;
			children = (
				D8DB65941FA46C5C00351903 /* Base */,
			);
			name = LaunchScreen.storyboard;
			sourceTree = "<group>";
		};
/* End PBXVariantGroup section */

/* Begin XCBuildConfiguration section */
		D8DB65971FA46C5C00351903 /* Debug */ = {
			isa = XCBuildConfiguration;
			buildSettings = {
				ALWAYS_SEARCH_USER_PATHS = NO;
				CLANG_ANALYZER_NONNULL = YES;
				CLANG_ANALYZER_NUMBER_OBJECT_CONVERSION = YES_AGGRESSIVE;
				CLANG_CXX_LANGUAGE_STANDARD = "gnu++14";
				CLANG_CXX_LIBRARY = "libc++";
				CLANG_ENABLE_MODULES = YES;
				CLANG_ENABLE_OBJC_ARC = YES;
				CLANG_WARN_BLOCK_CAPTURE_AUTORELEASING = YES;
				CLANG_WARN_BOOL_CONVERSION = YES;
				CLANG_WARN_COMMA = YES;
				CLANG_WARN_CONSTANT_CONVERSION = YES;
				CLANG_WARN_DEPRECATED_OBJC_IMPLEMENTATIONS = YES;
				CLANG_WARN_DIRECT_OBJC_ISA_USAGE = YES_ERROR;
				CLANG_WARN_DOCUMENTATION_COMMENTS = YES;
				CLANG_WARN_EMPTY_BODY = YES;
				CLANG_WARN_ENUM_CONVERSION = YES;
				CLANG_WARN_INFINITE_RECURSION = YES;
				CLANG_WARN_INT_CONVERSION = YES;
				CLANG_WARN_NON_LITERAL_NULL_CONVERSION = YES;
				CLANG_WARN_OBJC_IMPLICIT_RETAIN_SELF = YES;
				CLANG_WARN_OBJC_LITERAL_CONVERSION = YES;
				CLANG_WARN_OBJC_ROOT_CLASS = YES_ERROR;
				CLANG_WARN_RANGE_LOOP_ANALYSIS = YES;
				CLANG_WARN_STRICT_PROTOTYPES = YES;
				CLANG_WARN_SUSPICIOUS_MOVE = YES;
				CLANG_WARN_UNGUARDED_AVAILABILITY = YES_AGGRESSIVE;
				CLANG_WARN_UNREACHABLE_CODE = YES;
				CLANG_WARN__DUPLICATE_METHOD_MATCH = YES;
				CODE_SIGN_IDENTITY = "iPhone Developer";
				COPY_PHASE_STRIP = NO;
				DEBUG_INFORMATION_FORMAT = dwarf;
				ENABLE_STRICT_OBJC_MSGSEND = YES;
				ENABLE_TESTABILITY = YES;
				GCC_C_LANGUAGE_STANDARD = gnu11;
				GCC_DYNAMIC_NO_PIC = NO;
				GCC_NO_COMMON_BLOCKS = YES;
				GCC_OPTIMIZATION_LEVEL = 0;
				GCC_PREPROCESSOR_DEFINITIONS = (
					"DEBUG=1",
					"$(inherited)",
				);
				GCC_WARN_64_TO_32_BIT_CONVERSION = YES;
				GCC_WARN_ABOUT_RETURN_TYPE = YES_ERROR;
				GCC_WARN_UNDECLARED_SELECTOR = YES;
				GCC_WARN_UNINITIALIZED_AUTOS = YES_AGGRESSIVE;
				GCC_WARN_UNUSED_FUNCTION = YES;
				GCC_WARN_UNUSED_VARIABLE = YES;
				IPHONEOS_DEPLOYMENT_TARGET = 11.0;
				MTL_ENABLE_DEBUG_INFO = YES;
				ONLY_ACTIVE_ARCH = YES;
				SDKROOT = iphoneos;
				SWIFT_ACTIVE_COMPILATION_CONDITIONS = DEBUG;
				SWIFT_OPTIMIZATION_LEVEL = "-Onone";
			};
			name = Debug;
		};
		D8DB65981FA46C5C00351903 /* Release */ = {
			isa = XCBuildConfiguration;
			buildSettings = {
				ALWAYS_SEARCH_USER_PATHS = NO;
				CLANG_ANALYZER_NONNULL = YES;
				CLANG_ANALYZER_NUMBER_OBJECT_CONVERSION = YES_AGGRESSIVE;
				CLANG_CXX_LANGUAGE_STANDARD = "gnu++14";
				CLANG_CXX_LIBRARY = "libc++";
				CLANG_ENABLE_MODULES = YES;
				CLANG_ENABLE_OBJC_ARC = YES;
				CLANG_WARN_BLOCK_CAPTURE_AUTORELEASING = YES;
				CLANG_WARN_BOOL_CONVERSION = YES;
				CLANG_WARN_COMMA = YES;
				CLANG_WARN_CONSTANT_CONVERSION = YES;
				CLANG_WARN_DEPRECATED_OBJC_IMPLEMENTATIONS = YES;
				CLANG_WARN_DIRECT_OBJC_ISA_USAGE = YES_ERROR;
				CLANG_WARN_DOCUMENTATION_COMMENTS = YES;
				CLANG_WARN_EMPTY_BODY = YES;
				CLANG_WARN_ENUM_CONVERSION = YES;
				CLANG_WARN_INFINITE_RECURSION = YES;
				CLANG_WARN_INT_CONVERSION = YES;
				CLANG_WARN_NON_LITERAL_NULL_CONVERSION = YES;
				CLANG_WARN_OBJC_IMPLICIT_RETAIN_SELF = YES;
				CLANG_WARN_OBJC_LITERAL_CONVERSION = YES;
				CLANG_WARN_OBJC_ROOT_CLASS = YES_ERROR;
				CLANG_WARN_RANGE_LOOP_ANALYSIS = YES;
				CLANG_WARN_STRICT_PROTOTYPES = YES;
				CLANG_WARN_SUSPICIOUS_MOVE = YES;
				CLANG_WARN_UNGUARDED_AVAILABILITY = YES_AGGRESSIVE;
				CLANG_WARN_UNREACHABLE_CODE = YES;
				CLANG_WARN__DUPLICATE_METHOD_MATCH = YES;
				CODE_SIGN_IDENTITY = "iPhone Developer";
				COPY_PHASE_STRIP = NO;
				DEBUG_INFORMATION_FORMAT = "dwarf-with-dsym";
				ENABLE_NS_ASSERTIONS = NO;
				ENABLE_STRICT_OBJC_MSGSEND = YES;
				GCC_C_LANGUAGE_STANDARD = gnu11;
				GCC_NO_COMMON_BLOCKS = YES;
				GCC_WARN_64_TO_32_BIT_CONVERSION = YES;
				GCC_WARN_ABOUT_RETURN_TYPE = YES_ERROR;
				GCC_WARN_UNDECLARED_SELECTOR = YES;
				GCC_WARN_UNINITIALIZED_AUTOS = YES_AGGRESSIVE;
				GCC_WARN_UNUSED_FUNCTION = YES;
				GCC_WARN_UNUSED_VARIABLE = YES;
				IPHONEOS_DEPLOYMENT_TARGET = 11.0;
				MTL_ENABLE_DEBUG_INFO = NO;
				SDKROOT = iphoneos;
				SWIFT_OPTIMIZATION_LEVEL = "-Owholemodule";
				VALIDATE_PRODUCT = YES;
			};
			name = Release;
		};
		D8DB659A1FA46C5C00351903 /* Debug */ = {
			isa = XCBuildConfiguration;
			buildSettings = {
				ASSETCATALOG_COMPILER_APPICON_NAME = AppIcon;
				CODE_SIGN_STYLE = Automatic;
				DEVELOPMENT_TEAM = T5CX5N9HK9;
				INFOPLIST_FILE = BiometricAuthenticationExample/Info.plist;
				IPHONEOS_DEPLOYMENT_TARGET = 10.0;
				LD_RUNPATH_SEARCH_PATHS = "$(inherited) @executable_path/Frameworks";
				PRODUCT_BUNDLE_IDENTIFIER = com.rosterbuster.BiometricAuthenticationExample;
				PRODUCT_NAME = "$(TARGET_NAME)";
				SWIFT_VERSION = 5.0;
				TARGETED_DEVICE_FAMILY = "1,2";
			};
			name = Debug;
		};
		D8DB659B1FA46C5C00351903 /* Release */ = {
			isa = XCBuildConfiguration;
			buildSettings = {
				ASSETCATALOG_COMPILER_APPICON_NAME = AppIcon;
				CODE_SIGN_STYLE = Automatic;
				DEVELOPMENT_TEAM = T5CX5N9HK9;
				INFOPLIST_FILE = BiometricAuthenticationExample/Info.plist;
				IPHONEOS_DEPLOYMENT_TARGET = 10.0;
				LD_RUNPATH_SEARCH_PATHS = "$(inherited) @executable_path/Frameworks";
				PRODUCT_BUNDLE_IDENTIFIER = com.rosterbuster.BiometricAuthenticationExample;
				PRODUCT_NAME = "$(TARGET_NAME)";
				SWIFT_VERSION = 5.0;
				TARGETED_DEVICE_FAMILY = "1,2";
			};
			name = Release;
		};
/* End XCBuildConfiguration section */

/* Begin XCConfigurationList section */
		D8DB65821FA46C5C00351903 /* Build configuration list for PBXProject "BiometricAuthenticationExample" */ = {
			isa = XCConfigurationList;
			buildConfigurations = (
				D8DB65971FA46C5C00351903 /* Debug */,
				D8DB65981FA46C5C00351903 /* Release */,
			);
			defaultConfigurationIsVisible = 0;
			defaultConfigurationName = Release;
		};
		D8DB65991FA46C5C00351903 /* Build configuration list for PBXNativeTarget "BiometricAuthenticationExample" */ = {
			isa = XCConfigurationList;
			buildConfigurations = (
				D8DB659A1FA46C5C00351903 /* Debug */,
				D8DB659B1FA46C5C00351903 /* Release */,
			);
			defaultConfigurationIsVisible = 0;
			defaultConfigurationName = Release;
		};
/* End XCConfigurationList section */
	};
	rootObject = D8DB657F1FA46C5C00351903 /* Project object */;
}
